
Microsoft Visual Studio Solution File, Format Version 12.00
# Visual Studio 14
VisualStudioVersion = 14.0.25420.1
MinimumVisualStudioVersion = 10.0.40219.1
Project("{FAE04EC0-301F-11D3-BF4B-00C04F79EFBC}") = "NumericSequenceCalculator", "NumericSequenceCalculator\NumericSequenceCalculator.csproj", "{F4CF74A2-36F2-4AAC-B4E1-371B660B0461}"
EndProject
Project("{FAE04EC0-301F-11D3-BF4B-00C04F79EFBC}") = "NumericSequenceCalculator.Tests", "NumericSequenceCalculator.Tests\NumericSequenceCalculator.Tests.csproj", "{0C022D4A-EF03-4A31-90E5-2A6B6E491C79}"
EndProject
Global
	GlobalSection(SolutionConfigurationPlatforms) = preSolution
		Debug|Any CPU = Debug|Any CPU
		Release|Any CPU = Release|Any CPU
	EndGlobalSection
	GlobalSection(ProjectConfigurationPlatforms) = postSolution
		{F4CF74A2-36F2-4AAC-B4E1-371B660B0461}.Debug|Any CPU.ActiveCfg = Debug|Any CPU
		{F4CF74A2-36F2-4AAC-B4E1-371B660B0461}.Debug|Any CPU.Build.0 = Debug|Any CPU
		{F4CF74A2-36F2-4AAC-B4E1-371B660B0461}.Release|Any CPU.ActiveCfg = Release|Any CPU
		{F4CF74A2-36F2-4AAC-B4E1-371B660B0461}.Release|Any CPU.Build.0 = Release|Any CPU
		{0C022D4A-EF03-4A31-90E5-2A6B6E491C79}.Debug|Any CPU.ActiveCfg = Debug|Any CPU
		{0C022D4A-EF03-4A31-90E5-2A6B6E491C79}.Debug|Any CPU.Build.0 = Debug|Any CPU
		{0C022D4A-EF03-4A31-90E5-2A6B6E491C79}.Release|Any CPU.ActiveCfg = Release|Any CPU
		{0C022D4A-EF03-4A31-90E5-2A6B6E491C79}.Release|Any CPU.Build.0 = Release|Any CPU
	EndGlobalSection
	GlobalSection(SolutionProperties) = preSolution
		HideSolutionNode = FALSE
	EndGlobalSection
EndGlobal
